
Microsoft Visual Studio Solution File, Format Version 12.00
# Visual Studio Version 17
VisualStudioVersion = 17.8.34330.188
MinimumVisualStudioVersion = 10.0.40219.1
Project("{FAE04EC0-301F-11D3-BF4B-00C04F79EFBC}") = "restaurant", "restaurant\restaurant.csproj", "{341B00D8-624B-4F2C-8095-6EAA1CA67FC5}"
EndProject
Global
	GlobalSection(SolutionConfigurationPlatforms) = preSolution
		Debug|Any CPU = Debug|Any CPU
		Release|Any CPU = Release|Any CPU
	EndGlobalSection
	GlobalSection(ProjectConfigurationPlatforms) = postSolution
		{341B00D8-624B-4F2C-8095-6EAA1CA67FC5}.Debug|Any CPU.ActiveCfg = Debug|Any CPU
		{341B00D8-624B-4F2C-8095-6EAA1CA67FC5}.Debug|Any CPU.Build.0 = Debug|Any CPU
		{341B00D8-624B-4F2C-8095-6EAA1CA67FC5}.Release|Any CPU.ActiveCfg = Release|Any CPU
		{341B00D8-624B-4F2C-8095-6EAA1CA67FC5}.Release|Any CPU.Build.0 = Release|Any CPU
	EndGlobalSection
	GlobalSection(SolutionProperties) = preSolution
		HideSolutionNode = FALSE
	EndGlobalSection
	GlobalSection(ExtensibilityGlobals) = postSolution
		SolutionGuid = {F46AE22E-B5C2-4EBD-96C8-3BB32253FCD8}
	EndGlobalSection
EndGlobal
